{
  "name": "metro4-bundlers",
  "version": "1.0.0",
  "lockfileVersion": 3,
  "requires": true,
  "packages": {
    "": {
      "name": "metro4-bundlers",
      "version": "1.0.0",
      "license": "ISC",
      "dependencies": {
        "metro4": "^4.5.10"
      }
    },
    "node_modules/metro4": {
      "version": "4.5.10",
      "resolved": "https://registry.npmjs.org/metro4/-/metro4-4.5.10.tgz",
      "integrity": "sha512-JE+oUyFdnW0EQ7QLd2eZh3m7ucuDy/NkDJ8QaM19VJmYqfzPxt/vIXGBIOtJhl+PriM9avr45NpK+WFTPCvM2Q==",
      "dependencies": {
        "rollup-plugin-no-emit": "^1.1.1"
      },
      "funding": {
        "type": "patreon",
        "url": "https://www.patreon.com/metroui"
      }
    },
    "node_modules/rollup-plugin-no-emit": {
      "version": "1.1.1",
      "resolved": "https://registry.npmjs.org/rollup-plugin-no-emit/-/rollup-plugin-no-emit-1.1.1.tgz",
      "integrity": "sha512-S3GshU1UXYk/LHcmLDb/aFk/LPYI34KcJ+AmhA9TuW3p5lJLUok+VnT3hvRPoqpfw83TrdYhOuokJj8remp9qQ==",
      "peerDependencies": {
        "rollup": "^1.20.0 || ^2.0.0 || ^3.0.0 || ^4.0.0"
      },
      "peerDependenciesMeta": {
        "rollup": {
          "optional": true
        }
      }
    }
  }
}
